<?xml version="1.0" encoding="utf-8"?>
<Project ToolsVersion="4.0" xmlns="http://schemas.microsoft.com/developer/msbuild/2003">
  <ItemGroup>
    <ClCompile Include="Sources\Game\Ball.cpp">
      <Filter>Sources\Game</Filter>
    </ClCompile>
    <ClCompile Include="Sources\Game\game_object.cpp">
      <Filter>Sources\Game</Filter>
    </ClCompile>
    <ClCompile Include="Sources\Game\Pitcher.cpp">
      <Filter>Sources\Game</Filter>
    </ClCompile>
    <ClCompile Include="Sources\Game\Player.cpp">
      <Filter>Sources\Game</Filter>
    </ClCompile>
    <ClCompile Include="Sources\Game\stage.cpp">
      <Filter>Sources\Game</Filter>
    </ClCompile>
    <ClCompile Include="Sources\Game\Wind.cpp">
      <Filter>Sources\Game</Filter>
    </ClCompile>
    <ClCompile Include="Sources\Graphics\GpuResourceUtils.cpp">
      <Filter>Sources\Graphics</Filter>
    </ClCompile>
    <ClCompile Include="Sources\Graphics\Graphics.cpp">
      <Filter>Sources\Graphics</Filter>
    </ClCompile>
    <ClCompile Include="Sources\Graphics\RenderState.cpp">
      <Filter>Sources\Graphics</Filter>
    </ClCompile>
    <ClCompile Include="Sources\Graphics\texture.cpp">
      <Filter>Sources\Graphics</Filter>
    </ClCompile>
    <ClCompile Include="Sources\Graphics\TextureManager.cpp">
      <Filter>Sources\Graphics</Filter>
    </ClCompile>
    <ClCompile Include="Sources\Camera\camera.cpp">
      <Filter>Sources\Camera</Filter>
    </ClCompile>
    <ClCompile Include="Sources\Camera\camera_controller.cpp">
      <Filter>Sources\Camera</Filter>
    </ClCompile>
    <ClCompile Include="Sources\Input\game_pad.cpp">
      <Filter>Sources\Input</Filter>
    </ClCompile>
    <ClCompile Include="Sources\Input\input.cpp">
      <Filter>Sources\Input</Filter>
    </ClCompile>
    <ClCompile Include="Sources\Input\mouse.cpp">
      <Filter>Sources\Input</Filter>
    </ClCompile>
    <ClCompile Include="Sources\System\framebuffer.cpp">
      <Filter>Sources\System</Filter>
    </ClCompile>
    <ClCompile Include="Sources\System\framework.cpp">
      <Filter>Sources\System</Filter>
    </ClCompile>
    <ClCompile Include="Sources\System\fullscreen_quad.cpp">
      <Filter>Sources\System</Filter>
    </ClCompile>
    <ClCompile Include="Sources\System\main.cpp">
      <Filter>Sources\System</Filter>
    </ClCompile>
    <ClCompile Include="Sources\Scene\scene_game.cpp">
      <Filter>Sources\Scene</Filter>
    </ClCompile>
    <ClCompile Include="Sources\Renderer\ModelRenderer.cpp">
      <Filter>Sources\Renderer</Filter>
    </ClCompile>
    <ClCompile Include="Sources\Renderer\PrimitiveRenderer.cpp">
      <Filter>Sources\Renderer</Filter>
    </ClCompile>
    <ClCompile Include="Sources\Renderer\shapeRenderer.cpp">
      <Filter>Sources\Renderer</Filter>
    </ClCompile>
    <ClCompile Include="Sources\Renderer\sprite.cpp">
      <Filter>Sources\Renderer</Filter>
    </ClCompile>
    <ClCompile Include="Sources\Renderer\sprite_batch.cpp">
      <Filter>Sources\Renderer</Filter>
    </ClCompile>
    <ClCompile Include="Sources\Renderer\UIEasing.cpp">
      <Filter>Sources\Renderer</Filter>
    </ClCompile>
    <ClCompile Include="Sources\Physics\physxManager.cpp">
      <Filter>Sources\Physics</Filter>
    </ClCompile>
    <ClCompile Include="Sources\Model\gltf_model.cpp">
      <Filter>Sources\Model</Filter>
    </ClCompile>
    <ClCompile Include="Sources\Model\Model.cpp">
      <Filter>Sources\Model</Filter>
    </ClCompile>
    <ClCompile Include="Sources\Model\ModelResource.cpp">
      <Filter>Sources\Model</Filter>
    </ClCompile>
    <ClCompile Include="Sources\Shader\BasicShader.cpp">
      <Filter>Sources\Shader</Filter>
    </ClCompile>
    <ClCompile Include="Sources\Shader\LambertShader.cpp">
      <Filter>Sources\Shader</Filter>
    </ClCompile>
    <ClCompile Include="Sources\Shader\shader.cpp">
      <Filter>Sources\Shader</Filter>
    </ClCompile>
    <ClCompile Include="Sources\Collision\collision.cpp">
      <Filter>Sources\Collision</Filter>
    </ClCompile>
    <ClCompile Include="imgui\imgui.cpp">
      <Filter>imgui</Filter>
    </ClCompile>
    <ClCompile Include="imgui\imgui_demo.cpp">
      <Filter>imgui</Filter>
    </ClCompile>
    <ClCompile Include="imgui\imgui_draw.cpp">
      <Filter>imgui</Filter>
    </ClCompile>
    <ClCompile Include="imgui\imgui_impl_dx11.cpp">
      <Filter>imgui</Filter>
    </ClCompile>
    <ClCompile Include="imgui\imgui_impl_win32.cpp">
      <Filter>imgui</Filter>
    </ClCompile>
    <ClCompile Include="imgui\imgui_ja_gryph_ranges.cpp">
      <Filter>imgui</Filter>
    </ClCompile>
    <ClCompile Include="imgui\imgui_tables.cpp">
      <Filter>imgui</Filter>
    </ClCompile>
    <ClCompile Include="imgui\imgui_widgets.cpp">
      <Filter>imgui</Filter>
    </ClCompile>
    <ClCompile Include="Sources\Renderer\SkyRenderer.cpp">
      <Filter>Sources\Renderer</Filter>
    </ClCompile>
    <ClCompile Include="Sources\Renderer\ShadowRenderer.cpp">
      <Filter>Sources\Renderer</Filter>
    </ClCompile>
    <ClCompile Include="Sources\Camera\FreeCameraController.cpp">
      <Filter>Sources\Camera</Filter>
    </ClCompile>
    <ClCompile Include="Sources\Game\ballSprite.cpp">
      <Filter>Sources\Game</Filter>
    </ClCompile>
    <ClCompile Include="Sources\Game\batSprite.cpp">
      <Filter>Sources\Game</Filter>
    </ClCompile>
  </ItemGroup>
  <ItemGroup>
    <ClInclude Include="Sources\Game\Ball.h">
      <Filter>Sources\Game</Filter>
    </ClInclude>
    <ClInclude Include="Sources\Game\game_object.h">
      <Filter>Sources\Game</Filter>
    </ClInclude>
    <ClInclude Include="Sources\Game\Pitcher.h">
      <Filter>Sources\Game</Filter>
    </ClInclude>
    <ClInclude Include="Sources\Game\Player.h">
      <Filter>Sources\Game</Filter>
    </ClInclude>
    <ClInclude Include="Sources\Game\stage.h">
      <Filter>Sources\Game</Filter>
    </ClInclude>
    <ClInclude Include="Sources\Game\Wind.h">
      <Filter>Sources\Game</Filter>
    </ClInclude>
    <ClInclude Include="Sources\Graphics\GpuResourceUtils.h">
      <Filter>Sources\Graphics</Filter>
    </ClInclude>
    <ClInclude Include="Sources\Graphics\Graphics.h">
      <Filter>Sources\Graphics</Filter>
    </ClInclude>
    <ClInclude Include="Sources\Graphics\RenderContext.h">
      <Filter>Sources\Graphics</Filter>
    </ClInclude>
    <ClInclude Include="Sources\Graphics\RenderState.h">
      <Filter>Sources\Graphics</Filter>
    </ClInclude>
    <ClInclude Include="Sources\Graphics\texture.h">
      <Filter>Sources\Graphics</Filter>
    </ClInclude>
    <ClInclude Include="Sources\Graphics\TextureManager.h">
      <Filter>Sources\Graphics</Filter>
    </ClInclude>
    <ClInclude Include="Sources\Camera\camera.h">
      <Filter>Sources\Camera</Filter>
    </ClInclude>
    <ClInclude Include="Sources\Camera\camera_controller.h">
      <Filter>Sources\Camera</Filter>
    </ClInclude>
    <ClInclude Include="Sources\Input\game_pad.h">
      <Filter>Sources\Input</Filter>
    </ClInclude>
    <ClInclude Include="Sources\Input\input.h">
      <Filter>Sources\Input</Filter>
    </ClInclude>
    <ClInclude Include="Sources\Input\mouse.h">
      <Filter>Sources\Input</Filter>
    </ClInclude>
    <ClInclude Include="Sources\System\framebuffer.h">
      <Filter>Sources\System</Filter>
    </ClInclude>
    <ClInclude Include="Sources\System\framework.h">
      <Filter>Sources\System</Filter>
    </ClInclude>
    <ClInclude Include="Sources\System\fullscreen_quad.h">
      <Filter>Sources\System</Filter>
    </ClInclude>
    <ClInclude Include="Sources\System\high_resolution_timer.h">
      <Filter>Sources\System</Filter>
    </ClInclude>
    <ClInclude Include="Sources\System\misc.h">
      <Filter>Sources\System</Filter>
    </ClInclude>
    <ClInclude Include="Sources\Scene\scene.h">
      <Filter>Sources\Scene</Filter>
    </ClInclude>
    <ClInclude Include="Sources\Scene\scene_game.h">
      <Filter>Sources\Scene</Filter>
    </ClInclude>
    <ClInclude Include="Sources\Renderer\ModelRenderer.h">
      <Filter>Sources\Renderer</Filter>
    </ClInclude>
    <ClInclude Include="Sources\Renderer\PrimitiveRenderer.h">
      <Filter>Sources\Renderer</Filter>
    </ClInclude>
    <ClInclude Include="Sources\Renderer\shapeRenderer.h">
      <Filter>Sources\Renderer</Filter>
    </ClInclude>
    <ClInclude Include="Sources\Renderer\sprite.h">
      <Filter>Sources\Renderer</Filter>
    </ClInclude>
    <ClInclude Include="Sources\Renderer\sprite_batch.h">
      <Filter>Sources\Renderer</Filter>
    </ClInclude>
    <ClInclude Include="Sources\Renderer\UiEasing.h">
      <Filter>Sources\Renderer</Filter>
    </ClInclude>
    <ClInclude Include="Sources\Physics\physxManager.h">
      <Filter>Sources\Physics</Filter>
    </ClInclude>
    <ClInclude Include="Sources\Model\gltf_model.h">
      <Filter>Sources\Model</Filter>
    </ClInclude>
    <ClInclude Include="Sources\Model\Model.h">
      <Filter>Sources\Model</Filter>
    </ClInclude>
    <ClInclude Include="Sources\Model\ModelResource.h">
      <Filter>Sources\Model</Filter>
    </ClInclude>
    <ClInclude Include="Sources\Shader\BasicShader.h">
      <Filter>Sources\Shader</Filter>
    </ClInclude>
    <ClInclude Include="Sources\Shader\LambertShader.h">
      <Filter>Sources\Shader</Filter>
    </ClInclude>
    <ClInclude Include="Sources\Shader\shader.h">
      <Filter>Sources\Shader</Filter>
    </ClInclude>
    <ClInclude Include="Sources\Shader\ShaderId.h">
      <Filter>Sources\Shader</Filter>
    </ClInclude>
    <ClInclude Include="Sources\Collision\collision.h">
      <Filter>Sources\Collision</Filter>
    </ClInclude>
    <ClInclude Include="Sources\Light\Light.h">
      <Filter>Sources\Light</Filter>
    </ClInclude>
    <ClInclude Include="imgui\imconfig.h">
      <Filter>imgui</Filter>
    </ClInclude>
    <ClInclude Include="imgui\imgui.h">
      <Filter>imgui</Filter>
    </ClInclude>
    <ClInclude Include="imgui\imgui_impl_dx11.h">
      <Filter>imgui</Filter>
    </ClInclude>
    <ClInclude Include="imgui\imgui_impl_win32.h">
      <Filter>imgui</Filter>
    </ClInclude>
    <ClInclude Include="imgui\imgui_internal.h">
      <Filter>imgui</Filter>
    </ClInclude>
    <ClInclude Include="imgui\imstb_rectpack.h">
      <Filter>imgui</Filter>
    </ClInclude>
    <ClInclude Include="imgui\imstb_textedit.h">
      <Filter>imgui</Filter>
    </ClInclude>
    <ClInclude Include="imgui\imstb_truetype.h">
      <Filter>imgui</Filter>
    </ClInclude>
    <ClInclude Include="Sources\Renderer\SkyRenderer.h">
      <Filter>Sources\Renderer</Filter>
    </ClInclude>
    <ClInclude Include="Sources\Renderer\ShadowRenderer.h">
      <Filter>Sources\Renderer</Filter>
    </ClInclude>
    <ClInclude Include="Sources\Camera\FreeCameraController.h">
      <Filter>Sources\Camera</Filter>
    </ClInclude>
    <ClInclude Include="Sources\Game\ballSprite.h">
      <Filter>Sources\Game</Filter>
    </ClInclude>
    <ClInclude Include="Sources\Game\batSprite.h">
      <Filter>Sources\Game</Filter>
    </ClInclude>
  </ItemGroup>
  <ItemGroup>
    <None Include="Shaders\Basic.hlsli">
      <Filter>Shaders</Filter>
    </None>
    <None Include="Shaders\bidirectional_reflectance_distribution_function.hlsli">
      <Filter>Shaders</Filter>
    </None>
    <None Include="Shaders\fullscreen_quad.hlsli">
      <Filter>Shaders</Filter>
    </None>
    <None Include="Shaders\gaussian_filtering.hlsli">
      <Filter>Shaders</Filter>
    </None>
    <None Include="Shaders\gltf_model.hlsli">
      <Filter>Shaders</Filter>
    </None>
    <None Include="Shaders\image_based_lighting.hlsli">
      <Filter>Shaders</Filter>
    </None>
    <None Include="Shaders\Lambert.hlsli">
      <Filter>Shaders</Filter>
    </None>
    <None Include="Shaders\Lights.hlsli">
      <Filter>Shaders</Filter>
    </None>
    <None Include="Shaders\PhongShader.hlsli">
      <Filter>Shaders</Filter>
    </None>
    <None Include="Shaders\phong_shader.hlsli">
      <Filter>Shaders</Filter>
    </None>
    <None Include="Shaders\PrimitiveRenderer.hlsli">
      <Filter>Shaders</Filter>
    </None>
    <None Include="Shaders\Scene.hlsli">
      <Filter>Shaders</Filter>
    </None>
    <None Include="Shaders\shading_function.hlsli">
      <Filter>Shaders</Filter>
    </None>
    <None Include="Shaders\ShadowMapCaster.hlsli">
      <Filter>Shaders</Filter>
    </None>
    <None Include="Shaders\Skinning.hlsli">
      <Filter>Shaders</Filter>
    </None>
    <None Include="Shaders\SolidShapeRenderer.hlsli">
      <Filter>Shaders</Filter>
    </None>
    <None Include="Shaders\sprite.hlsli">
      <Filter>Shaders</Filter>
    </None>
    <None Include="Shaders\ToonShader.hlsli">
      <Filter>Shaders</Filter>
    </None>
    <None Include="Shaders\WiredShapeRenderer.hlsli">
      <Filter>Shaders</Filter>
    </None>
  </ItemGroup>
  <ItemGroup>
    <FxCompile Include="Shaders\BasicPS.hlsl">
      <Filter>Shaders</Filter>
    </FxCompile>
    <FxCompile Include="Shaders\BasicVS.hlsl">
      <Filter>Shaders</Filter>
    </FxCompile>
    <FxCompile Include="Shaders\blur_ps.hlsl">
      <Filter>Shaders</Filter>
    </FxCompile>
    <FxCompile Include="Shaders\cascade_shadowmap_ps.hlsl">
      <Filter>Shaders</Filter>
    </FxCompile>
    <FxCompile Include="Shaders\fullscreen_quad_ps.hlsl">
      <Filter>Shaders</Filter>
    </FxCompile>
    <FxCompile Include="Shaders\fullscreen_quad_vs.hlsl">
      <Filter>Shaders</Filter>
    </FxCompile>
    <FxCompile Include="Shaders\gaussian_filtering_ps.hlsl">
      <Filter>Shaders</Filter>
    </FxCompile>
    <FxCompile Include="Shaders\gltf_model_ps.hlsl">
      <Filter>Shaders</Filter>
    </FxCompile>
    <FxCompile Include="Shaders\gltf_model_vs.hlsl">
      <Filter>Shaders</Filter>
    </FxCompile>
    <FxCompile Include="Shaders\LambertPS.hlsl">
      <Filter>Shaders</Filter>
    </FxCompile>
    <FxCompile Include="Shaders\LambertVS.hlsl">
      <Filter>Shaders</Filter>
    </FxCompile>
    <FxCompile Include="Shaders\luminance_extraction_ps.hlsl">
      <Filter>Shaders</Filter>
    </FxCompile>
    <FxCompile Include="Shaders\luminance_extract_ps.hlsl">
      <Filter>Shaders</Filter>
    </FxCompile>
    <FxCompile Include="Shaders\PhongShaderPS.hlsl">
      <Filter>Shaders</Filter>
    </FxCompile>
    <FxCompile Include="Shaders\PhongShaderVS.hlsl">
      <Filter>Shaders</Filter>
    </FxCompile>
    <FxCompile Include="Shaders\phong_shader_ps.hlsl">
      <Filter>Shaders</Filter>
    </FxCompile>
    <FxCompile Include="Shaders\phong_shader_vs.hlsl">
      <Filter>Shaders</Filter>
    </FxCompile>
    <FxCompile Include="Shaders\PrimitiveRendererPS.hlsl">
      <Filter>Shaders</Filter>
    </FxCompile>
    <FxCompile Include="Shaders\PrimitiveRendererVS.hlsl">
      <Filter>Shaders</Filter>
    </FxCompile>
    <FxCompile Include="Shaders\ShadowMapCasterPS.hlsl">
      <Filter>Shaders</Filter>
    </FxCompile>
    <FxCompile Include="Shaders\ShadowMapCasterVS.hlsl">
      <Filter>Shaders</Filter>
    </FxCompile>
    <FxCompile Include="Shaders\shadowmap_caster_vs.hlsl">
      <Filter>Shaders</Filter>
    </FxCompile>
    <FxCompile Include="Shaders\SolidShapeRendererPS.hlsl">
      <Filter>Shaders</Filter>
    </FxCompile>
    <FxCompile Include="Shaders\SolidShapeRendererVS.hlsl">
      <Filter>Shaders</Filter>
    </FxCompile>
    <FxCompile Include="Shaders\sprite_ps.hlsl">
      <Filter>Shaders</Filter>
    </FxCompile>
    <FxCompile Include="Shaders\sprite_vs.hlsl">
      <Filter>Shaders</Filter>
    </FxCompile>
    <FxCompile Include="Shaders\ToonShaderPS.hlsl">
      <Filter>Shaders</Filter>
    </FxCompile>
    <FxCompile Include="Shaders\ToonShaderVS.hlsl">
      <Filter>Shaders</Filter>
    </FxCompile>
    <FxCompile Include="Shaders\WiredShapeRendererPS.hlsl">
      <Filter>Shaders</Filter>
    </FxCompile>
    <FxCompile Include="Shaders\WiredShapeRendererVS.hlsl">
      <Filter>Shaders</Filter>
    </FxCompile>
    <FxCompile Include="Shaders\sky_ps.hlsl">
      <Filter>Shaders</Filter>
    </FxCompile>
    <FxCompile Include="Shaders\sky_vs.hlsl">
      <Filter>Shaders</Filter>
    </FxCompile>
  </ItemGroup>
  <ItemGroup>
    <Filter Include="Shaders">
      <UniqueIdentifier>{494d4a33-6da1-4d0c-9c4a-ec920d8e2edf}</UniqueIdentifier>
    </Filter>
    <Filter Include="Sources">
      <UniqueIdentifier>{b2b685b0-b90c-4ad6-b4b4-094a1595781d}</UniqueIdentifier>
    </Filter>
    <Filter Include="Sources\Game">
      <UniqueIdentifier>{04788b4d-6f9e-45ea-8191-5fa2ad194895}</UniqueIdentifier>
    </Filter>
    <Filter Include="Sources\Graphics">
      <UniqueIdentifier>{dd0dad3b-4da2-4dba-8c20-6894f0edb335}</UniqueIdentifier>
    </Filter>
    <Filter Include="Sources\Camera">
      <UniqueIdentifier>{ff412376-5748-4b3b-9bdf-a4c8c7dc0fae}</UniqueIdentifier>
    </Filter>
    <Filter Include="Sources\Input">
      <UniqueIdentifier>{57359179-92b6-4170-99bf-5aef13ac36f1}</UniqueIdentifier>
    </Filter>
    <Filter Include="Sources\System">
      <UniqueIdentifier>{45a230a9-2045-488e-8f36-6ec4617f3cec}</UniqueIdentifier>
    </Filter>
    <Filter Include="Sources\Scene">
      <UniqueIdentifier>{37da5fc5-aed5-48b9-8e3e-30f43ee85867}</UniqueIdentifier>
    </Filter>
    <Filter Include="Sources\Renderer">
      <UniqueIdentifier>{226768c4-6420-4e75-baf3-52fead8aca61}</UniqueIdentifier>
    </Filter>
    <Filter Include="Sources\Physics">
      <UniqueIdentifier>{17c91ea1-509a-4051-a549-93f832eb02a2}</UniqueIdentifier>
    </Filter>
    <Filter Include="Sources\Model">
      <UniqueIdentifier>{1b78184c-5cc2-4d76-8a70-170f76450b14}</UniqueIdentifier>
    </Filter>
    <Filter Include="Sources\Shader">
      <UniqueIdentifier>{d8eed747-570a-42fe-b6ad-603c7c9c9d63}</UniqueIdentifier>
    </Filter>
    <Filter Include="Sources\Collision">
      <UniqueIdentifier>{9fee84d0-ae30-4b26-82e8-6e2e75fe01da}</UniqueIdentifier>
    </Filter>
    <Filter Include="Sources\Light">
      <UniqueIdentifier>{eacc021f-f0d6-48e9-aea5-1b6f501388f3}</UniqueIdentifier>
    </Filter>
    <Filter Include="imgui">
      <UniqueIdentifier>{9cd9027c-6af9-4aff-b409-0824fabee4ea}</UniqueIdentifier>
    </Filter>
  </ItemGroup>
</Project>