<?xml version="1.0" encoding="utf-8"?>
<Project ToolsVersion="4.0" xmlns="http://schemas.microsoft.com/developer/msbuild/2003">
  <ItemGroup>
    <Filter Include="Shaders">
      <UniqueIdentifier>{9f64f4ff-d9e0-43d7-88e1-13e6d3656a89}</UniqueIdentifier>
      <Extensions>hlsl;hlsli</Extensions>
    </Filter>
    <Filter Include="Headers">
      <UniqueIdentifier>{93995380-89BD-4b04-88EB-625FBE52EBFB}</UniqueIdentifier>
      <Extensions>h;hh;hpp;hxx;hm;inl;inc;xsd</Extensions>
    </Filter>
    <Filter Include="Resources">
      <UniqueIdentifier>{67DA6AB6-F800-4c08-8B7A-83BB121AAD01}</UniqueIdentifier>
      <Extensions>rc;ico;cur;bmp;dlg;rc2;rct;bin;rgs;gif;jpg;jpeg;jpe;resx;tiff;tif;png;wav;mfcribbon-ms</Extensions>
    </Filter>
    <Filter Include="Sources">
      <UniqueIdentifier>{4FC737F1-C7A5-4376-A066-2A32D752A2FF}</UniqueIdentifier>
      <Extensions>cpp;c;cc;cxx;def;odl;idl;hpj;bat;asm;asmx</Extensions>
    </Filter>
    <Filter Include="imgui">
      <UniqueIdentifier>{5d2ed881-4062-49d0-a1ce-86240074d016}</UniqueIdentifier>
    </Filter>
  </ItemGroup>
  <ItemGroup>
    <ClCompile Include="framework.cpp">
      <Filter>Sources</Filter>
    </ClCompile>
    <ClCompile Include="main.cpp">
      <Filter>Sources</Filter>
    </ClCompile>
    <ClCompile Include="sprite.cpp">
      <Filter>Sources</Filter>
    </ClCompile>
    <ClCompile Include="sprite_batch.cpp">
      <Filter>Sources</Filter>
    </ClCompile>
    <ClCompile Include="texture.cpp">
      <Filter>Sources</Filter>
    </ClCompile>
    <ClCompile Include="TextureManager.cpp">
      <Filter>Sources</Filter>
    </ClCompile>
    <ClCompile Include="shader.cpp">
      <Filter>Sources</Filter>
    </ClCompile>
    <ClCompile Include="framebuffer.cpp">
      <Filter>Sources</Filter>
    </ClCompile>
    <ClCompile Include="fullscreen_quad.cpp">
      <Filter>Sources</Filter>
    </ClCompile>
    <ClCompile Include="gltf_model.cpp">
      <Filter>Sources</Filter>
    </ClCompile>
    <ClCompile Include="scene_game.cpp">
      <Filter>Sources</Filter>
    </ClCompile>
    <ClCompile Include="camera.cpp">
      <Filter>Sources</Filter>
    </ClCompile>
    <ClCompile Include="camera_controller.cpp">
      <Filter>Sources</Filter>
    </ClCompile>
    <ClCompile Include="stage.cpp">
      <Filter>Sources</Filter>
    </ClCompile>
    <ClCompile Include="Player.cpp">
      <Filter>Sources</Filter>
    </ClCompile>
    <ClCompile Include="game_object.cpp">
      <Filter>Sources</Filter>
    </ClCompile>
    <ClCompile Include="game_pad.cpp">
      <Filter>Sources</Filter>
    </ClCompile>
    <ClCompile Include="input.cpp">
      <Filter>Sources</Filter>
    </ClCompile>
    <ClCompile Include="mouse.cpp">
      <Filter>Sources</Filter>
    </ClCompile>
    <ClCompile Include="RenderState.cpp">
      <Filter>Sources</Filter>
    </ClCompile>
    <ClCompile Include="Graphics.cpp">
      <Filter>Sources</Filter>
    </ClCompile>
    <ClCompile Include="Pitcher.cpp">
      <Filter>Sources</Filter>
    </ClCompile>
    <ClCompile Include="shapeRenderer.cpp">
      <Filter>Sources</Filter>
    </ClCompile>
    <ClCompile Include="collision.cpp">
      <Filter>Sources</Filter>
    </ClCompile>
    <ClCompile Include="physxManager.cpp">
      <Filter>Sources</Filter>
    </ClCompile>
    <ClCompile Include="PrimitiveRenderer.cpp">
      <Filter>Sources</Filter>
    </ClCompile>
    <ClCompile Include="Model.cpp">
      <Filter>Sources</Filter>
    </ClCompile>
    <ClCompile Include="ModelRenderer.cpp">
      <Filter>Sources</Filter>
    </ClCompile>
    <ClCompile Include="ModelResource.cpp">
      <Filter>Sources</Filter>
    </ClCompile>
    <ClCompile Include="GpuResourceUtils.cpp">
      <Filter>Sources</Filter>
    </ClCompile>
    <ClCompile Include="BasicShader.cpp">
      <Filter>Sources</Filter>
    </ClCompile>
    <ClCompile Include="LambertShader.cpp">
      <Filter>Sources</Filter>
    </ClCompile>
    <ClCompile Include="PhongShader.cpp">
      <Filter>Sources</Filter>
    </ClCompile>
    <ClCompile Include="ToonShader.cpp">
      <Filter>Sources</Filter>
    </ClCompile>
    <ClCompile Include="ShadowMapShader.cpp">
      <Filter>Sources</Filter>
    </ClCompile>
    <ClCompile Include="UIEasing.cpp">
      <Filter>Sources</Filter>
    </ClCompile>
    <ClCompile Include="Ball.cpp">
      <Filter>Sources</Filter>
    </ClCompile>
    <ClCompile Include="Wind.cpp">
      <Filter>Sources</Filter>
    </ClCompile>
    <ClCompile Include="External\imgui-docking\imgui.cpp">
      <Filter>imgui</Filter>
    </ClCompile>
    <ClCompile Include="External\imgui-docking\imgui_demo.cpp">
      <Filter>imgui</Filter>
    </ClCompile>
    <ClCompile Include="External\imgui-docking\imgui_draw.cpp">
      <Filter>imgui</Filter>
    </ClCompile>
    <ClCompile Include="External\imgui-docking\imgui_tables.cpp">
      <Filter>imgui</Filter>
    </ClCompile>
    <ClCompile Include="External\imgui-docking\imgui_widgets.cpp">
      <Filter>imgui</Filter>
    </ClCompile>
    <ClCompile Include="External\imgui-docking\backends\imgui_impl_dx11.cpp">
      <Filter>imgui</Filter>
    </ClCompile>
    <ClCompile Include="External\imgui-docking\backends\imgui_impl_win32.cpp">
      <Filter>imgui</Filter>
    </ClCompile>
  </ItemGroup>
  <ItemGroup>
    <ClInclude Include="framework.h">
      <Filter>Headers</Filter>
    </ClInclude>
    <ClInclude Include="high_resolution_timer.h">
      <Filter>Headers</Filter>
    </ClInclude>
    <ClInclude Include="misc.h">
      <Filter>Headers</Filter>
    </ClInclude>
    <ClInclude Include="sprite.h">
      <Filter>Headers</Filter>
    </ClInclude>
    <ClInclude Include="sprite_batch.h">
      <Filter>Headers</Filter>
    </ClInclude>
    <ClInclude Include="texture.h">
      <Filter>Headers</Filter>
    </ClInclude>
    <ClInclude Include="TextureManager.h">
      <Filter>Headers</Filter>
    </ClInclude>
    <ClInclude Include="shader.h">
      <Filter>Headers</Filter>
    </ClInclude>
    <ClInclude Include="framebuffer.h">
      <Filter>Headers</Filter>
    </ClInclude>
    <ClInclude Include="fullscreen_quad.h">
      <Filter>Headers</Filter>
    </ClInclude>
    <ClInclude Include="gltf_model.h">
      <Filter>Headers</Filter>
    </ClInclude>
    <ClInclude Include="scene_game.h">
      <Filter>Headers</Filter>
    </ClInclude>
    <ClInclude Include="scene.h">
      <Filter>Headers</Filter>
    </ClInclude>
    <ClInclude Include="camera.h">
      <Filter>Headers</Filter>
    </ClInclude>
    <ClInclude Include="camera_controller.h">
      <Filter>Headers</Filter>
    </ClInclude>
    <ClInclude Include="stage.h">
      <Filter>Headers</Filter>
    </ClInclude>
    <ClInclude Include="Player.h">
      <Filter>Headers</Filter>
    </ClInclude>
    <ClInclude Include="game_object.h">
      <Filter>Headers</Filter>
    </ClInclude>
    <ClInclude Include="input.h">
      <Filter>Headers</Filter>
    </ClInclude>
    <ClInclude Include="game_pad.h">
      <Filter>Headers</Filter>
    </ClInclude>
    <ClInclude Include="mouse.h">
      <Filter>Headers</Filter>
    </ClInclude>
    <ClInclude Include="Light.h">
      <Filter>Headers</Filter>
    </ClInclude>
    <ClInclude Include="RenderContext.h">
      <Filter>Headers</Filter>
    </ClInclude>
    <ClInclude Include="RenderState.h">
      <Filter>Headers</Filter>
    </ClInclude>
    <ClInclude Include="Graphics.h">
      <Filter>Headers</Filter>
    </ClInclude>
    <ClInclude Include="Pitcher.h">
      <Filter>Headers</Filter>
    </ClInclude>
    <ClInclude Include="shapeRenderer.h">
      <Filter>Headers</Filter>
    </ClInclude>
    <ClInclude Include="collision.h">
      <Filter>Headers</Filter>
    </ClInclude>
    <ClInclude Include="physxManager.h">
      <Filter>Headers</Filter>
    </ClInclude>
    <ClInclude Include="PrimitiveRenderer.h">
      <Filter>Headers</Filter>
    </ClInclude>
    <ClInclude Include="Model.h">
      <Filter>Headers</Filter>
    </ClInclude>
    <ClInclude Include="ModelRenderer.h">
      <Filter>Headers</Filter>
    </ClInclude>
    <ClInclude Include="ModelResource.h">
      <Filter>Headers</Filter>
    </ClInclude>
    <ClInclude Include="GpuResourceUtils.h">
      <Filter>Headers</Filter>
    </ClInclude>
    <ClInclude Include="ShaderId.h">
      <Filter>Headers</Filter>
    </ClInclude>
    <ClInclude Include="BasicShader.h">
      <Filter>Headers</Filter>
    </ClInclude>
    <ClInclude Include="LambertShader.h">
      <Filter>Headers</Filter>
    </ClInclude>
    <ClInclude Include="PhongShader.h">
      <Filter>Headers</Filter>
    </ClInclude>
    <ClInclude Include="ToonShader.h">
      <Filter>Headers</Filter>
    </ClInclude>
    <ClInclude Include="ShadowMapShader.h">
      <Filter>Headers</Filter>
    </ClInclude>
    <ClInclude Include="UiEasing.h">
      <Filter>Headers</Filter>
    </ClInclude>
    <ClInclude Include="Ball.h">
      <Filter>Headers</Filter>
    </ClInclude>
    <ClInclude Include="Wind.h">
      <Filter>Headers</Filter>
    </ClInclude>
    <ClInclude Include="External\imgui-docking\imconfig.h">
      <Filter>imgui</Filter>
    </ClInclude>
    <ClInclude Include="External\imgui-docking\imgui.h">
      <Filter>imgui</Filter>
    </ClInclude>
    <ClInclude Include="External\imgui-docking\imgui_internal.h">
      <Filter>imgui</Filter>
    </ClInclude>
    <ClInclude Include="External\imgui-docking\imstb_rectpack.h">
      <Filter>imgui</Filter>
    </ClInclude>
    <ClInclude Include="External\imgui-docking\imstb_textedit.h">
      <Filter>imgui</Filter>
    </ClInclude>
    <ClInclude Include="External\imgui-docking\imstb_truetype.h">
      <Filter>imgui</Filter>
    </ClInclude>
  </ItemGroup>
  <ItemGroup>
    <None Include="sprite.hlsli">
      <Filter>Shaders</Filter>
    </None>
    <None Include="fullscreen_quad.hlsli">
      <Filter>Shaders</Filter>
    </None>
    <None Include="gltf_model.hlsli">
      <Filter>Shaders</Filter>
    </None>
    <None Include="bidirectional_reflectance_distribution_function.hlsli">
      <Filter>Shaders</Filter>
    </None>
    <None Include="image_based_lighting.hlsli">
      <Filter>Shaders</Filter>
    </None>
    <None Include="WiredShapeRenderer.hlsli">
      <Filter>Shaders</Filter>
    </None>
    <None Include="PrimitiveRenderer.hlsli">
      <Filter>Shaders</Filter>
    </None>
    <None Include="SolidShapeRenderer.hlsli">
      <Filter>Shaders</Filter>
    </None>
    <None Include="Basic.hlsli">
      <Filter>Shaders</Filter>
    </None>
    <None Include="Lambert.hlsli">
      <Filter>Shaders</Filter>
    </None>
    <None Include="Scene.hlsli">
      <Filter>Shaders</Filter>
    </None>
    <None Include="Skinning.hlsli">
      <Filter>Shaders</Filter>
    </None>
    <None Include="PhongShader.hlsli">
      <Filter>Shaders</Filter>
    </None>
    <None Include="ToonShader.hlsli">
      <Filter>Shaders</Filter>
    </None>
    <None Include="ShadowMapCaster.hlsli">
      <Filter>Shaders</Filter>
    </None>
    <None Include="shading_function.hlsli">
      <Filter>Shaders</Filter>
    </None>
    <None Include="phong_shader.hlsli">
      <Filter>Shaders</Filter>
    </None>
    <None Include="Lights.hlsli">
      <Filter>Shaders</Filter>
    </None>
  </ItemGroup>
  <ItemGroup>
    <FxCompile Include="sprite_vs.hlsl">
      <Filter>Shaders</Filter>
    </FxCompile>
    <FxCompile Include="sprite_ps.hlsl">
      <Filter>Shaders</Filter>
    </FxCompile>
    <FxCompile Include="fullscreen_quad_vs.hlsl">
      <Filter>Shaders</Filter>
    </FxCompile>
    <FxCompile Include="fullscreen_quad_ps.hlsl">
      <Filter>Shaders</Filter>
    </FxCompile>
    <FxCompile Include="luminance_extraction_ps.hlsl">
      <Filter>Shaders</Filter>
    </FxCompile>
    <FxCompile Include="blur_ps.hlsl">
      <Filter>Shaders</Filter>
    </FxCompile>
    <FxCompile Include="gltf_model_vs.hlsl">
      <Filter>Shaders</Filter>
    </FxCompile>
    <FxCompile Include="gltf_model_ps.hlsl">
      <Filter>Shaders</Filter>
    </FxCompile>
    <FxCompile Include="WiredShapeRendererPS.hlsl">
      <Filter>Shaders</Filter>
    </FxCompile>
    <FxCompile Include="WiredShapeRendererVS.hlsl">
      <Filter>Shaders</Filter>
    </FxCompile>
    <FxCompile Include="PrimitiveRendererVS.hlsl">
      <Filter>Shaders</Filter>
    </FxCompile>
    <FxCompile Include="PrimitiveRendererPS.hlsl">
      <Filter>Shaders</Filter>
    </FxCompile>
    <FxCompile Include="SolidShapeRendererVS.hlsl">
      <Filter>Shaders</Filter>
    </FxCompile>
    <FxCompile Include="SolidShapeRendererPS.hlsl">
      <Filter>Shaders</Filter>
    </FxCompile>
    <FxCompile Include="BasicVS.hlsl">
      <Filter>Shaders</Filter>
    </FxCompile>
    <FxCompile Include="BasicPS.hlsl">
      <Filter>Shaders</Filter>
    </FxCompile>
    <FxCompile Include="LambertVS.hlsl">
      <Filter>Shaders</Filter>
    </FxCompile>
    <FxCompile Include="LambertPS.hlsl">
      <Filter>Shaders</Filter>
    </FxCompile>
    <FxCompile Include="PhongShaderVS.hlsl">
      <Filter>Shaders</Filter>
    </FxCompile>
    <FxCompile Include="PhongShaderPS.hlsl">
      <Filter>Shaders</Filter>
    </FxCompile>
    <FxCompile Include="ToonShaderVS.hlsl">
      <Filter>Shaders</Filter>
    </FxCompile>
    <FxCompile Include="ToonShaderPS.hlsl">
      <Filter>Shaders</Filter>
    </FxCompile>
    <FxCompile Include="ShadowMapCasterPS.hlsl">
      <Filter>Shaders</Filter>
    </FxCompile>
    <FxCompile Include="ShadowMapCasterVS.hlsl">
      <Filter>Shaders</Filter>
    </FxCompile>
    <FxCompile Include="phong_shader_vs.hlsl">
      <Filter>Shaders</Filter>
    </FxCompile>
    <FxCompile Include="phong_shader_ps.hlsl">
      <Filter>Shaders</Filter>
    </FxCompile>
    <FxCompile Include="shadowmap_caster_vs.hlsl">
      <Filter>Shaders</Filter>
    </FxCompile>
  </ItemGroup>
</Project>